
Microsoft Visual Studio Solution File, Format Version 12.00
# Visual Studio 14
VisualStudioVersion = 14.0.25420.1
MinimumVisualStudioVersion = 10.0.40219.1
Project("{FAE04EC0-301F-11D3-BF4B-00C04F79EFBC}") = "CollectionComparatorTraining", "CollectionComparatorTraining\CollectionComparatorTraining.csproj", "{CEEAF844-9157-4672-8546-3B97ADB44338}"
EndProject
Project("{FAE04EC0-301F-11D3-BF4B-00C04F79EFBC}") = "CollectionComparatorTraining.Test", "CollectionComparatorTraining.Test\CollectionComparatorTraining.Test.csproj", "{A4C03944-5575-4982-8154-43F3063D7B73}"
EndProject
Global
	GlobalSection(SolutionConfigurationPlatforms) = preSolution
		Debug|Any CPU = Debug|Any CPU
		Release|Any CPU = Release|Any CPU
	EndGlobalSection
	GlobalSection(ProjectConfigurationPlatforms) = postSolution
		{CEEAF844-9157-4672-8546-3B97ADB44338}.Debug|Any CPU.ActiveCfg = Debug|Any CPU
		{CEEAF844-9157-4672-8546-3B97ADB44338}.Debug|Any CPU.Build.0 = Debug|Any CPU
		{CEEAF844-9157-4672-8546-3B97ADB44338}.Release|Any CPU.ActiveCfg = Release|Any CPU
		{CEEAF844-9157-4672-8546-3B97ADB44338}.Release|Any CPU.Build.0 = Release|Any CPU
		{A4C03944-5575-4982-8154-43F3063D7B73}.Debug|Any CPU.ActiveCfg = Debug|Any CPU
		{A4C03944-5575-4982-8154-43F3063D7B73}.Debug|Any CPU.Build.0 = Debug|Any CPU
		{A4C03944-5575-4982-8154-43F3063D7B73}.Release|Any CPU.ActiveCfg = Release|Any CPU
		{A4C03944-5575-4982-8154-43F3063D7B73}.Release|Any CPU.Build.0 = Release|Any CPU
	EndGlobalSection
	GlobalSection(SolutionProperties) = preSolution
		HideSolutionNode = FALSE
	EndGlobalSection
EndGlobal
